# This file is autogenerated, do not edit; changes may be undone by the next 'dep ensure'.


[[projects]]
  branch = "master"
  digest = "1:315c5f2f60c76d89b871c73f9bd5fe689cad96597afd50fb9992228ef80bdd34"
  name = "github.com/alecthomas/template"
  packages = [
    ".",
    "parse",
  ]
  pruneopts = "UT"
  revision = "a0175ee3bccc567396460bf5acd36800cb10c49c"

[[projects]]
  branch = "master"
  digest = "1:c198fdc381e898e8fb62b8eb62758195091c313ad18e52a3067366e1dda2fb3c"
  name = "github.com/alecthomas/units"
  packages = ["."]
  pruneopts = "UT"
  revision = "2efee857e7cfd4f3d0138cc3cbb1b4966962b93a"

[[projects]]
  branch = "master"
  digest = "1:d6afaeed1502aa28e80a4ed0981d570ad91b2579193404256ce672ed0a609e0d"
  name = "github.com/beorn7/perks"
  packages = ["quantile"]
  pruneopts = "UT"
  revision = "3a771d992973f24aa725d07868b467d1ddfceafb"

[[projects]]
  digest = "1:a2c1d0e43bd3baaa071d1b9ed72c27d78169b2b269f71c105ac4ba34b1be4a39"
  name = "github.com/davecgh/go-spew"
  packages = ["spew"]
  pruneopts = "UT"
  revision = "346938d642f2ec3594ed81d874461961cd0faa76"
  version = "v1.1.0"

[[projects]]
  digest = "1:db2e37856e0f3e8ad322792ca2ede9bcf821f4d482ca0ef300e6a9d85776a99a"
  name = "github.com/go-kit/kit"
  packages = [
    "log",
    "log/level",
  ]
  pruneopts = "UT"
  revision = "ca4112baa34cb55091301bdc13b1420a122b1b9e"
  version = "v0.7.0"

[[projects]]
  digest = "1:31a18dae27a29aa074515e43a443abfd2ba6deb6d69309d8d7ce789c45f34659"
  name = "github.com/go-logfmt/logfmt"
  packages = ["."]
  pruneopts = "UT"
  revision = "390ab7935ee28ec6b286364bba9b4dd6410cb3d5"
  version = "v0.3.0"

[[projects]]
  digest = "1:c4a2528ccbcabf90f9f3c464a5fc9e302d592861bbfd0b7135a7de8a943d0406"
  name = "github.com/go-stack/stack"
  packages = ["."]
  pruneopts = "UT"
  revision = "259ab82a6cad3992b4e21ff5cac294ccb06474bc"
  version = "v1.7.0"

[[projects]]
  digest = "1:4eb84cea515ff77a6704dc66295be27b2d066028699bfbadb48725ec7e70f183"
  name = "github.com/golang/protobuf"
  packages = [
    "conformance/internal/conformance_proto",
    "descriptor",
    "jsonpb",
    "jsonpb/jsonpb_test_proto",
    "proto",
    "proto/proto3_proto",
    "proto/test_proto",
    "protoc-gen-go/descriptor",
    "protoc-gen-go/generator",
    "protoc-gen-go/generator/internal/remap",
    "protoc-gen-go/grpc",
    "protoc-gen-go/plugin",
    "ptypes",
    "ptypes/any",
    "ptypes/duration",
    "ptypes/struct",
    "ptypes/timestamp",
    "ptypes/wrappers",
  ]
  pruneopts = "UT"
  revision = "b4deda0973fb4c70b50d226b1af49f3da59f5265"
  version = "v1.1.0"

[[projects]]
  digest = "1:8f8811f9be822914c3a25c6a071e93beb4c805d7b026cbf298bc577bc1cc945b"
  name = "github.com/google/uuid"
  packages = ["."]
  pruneopts = "UT"
  revision = "064e2069ce9c359c118179501254f67d7d37ba24"
  version = "0.2"

[[projects]]
  digest = "1:ccfa094742ce1c97fd3f6481e1bf98f3d9862510eee2bc0eb56e2745396bd330"
  name = "github.com/julienschmidt/httprouter"
  packages = ["."]
  pruneopts = "UT"
  revision = "8c199fb6259ffc1af525cc3ad52ee60ba8359669"
  version = "v1.1"

[[projects]]
  branch = "master"
  digest = "1:a64e323dc06b73892e5bb5d040ced475c4645d456038333883f58934abbf6f72"
  name = "github.com/kr/logfmt"
  packages = ["."]
  pruneopts = "UT"
  revision = "b84e30acd515aadc4b783ad4ff83aff3299bdfe0"

[[projects]]
  digest = "1:9b759da93ff533dc8bb629c8f9b6abd6900fb612afc369723b9b86ab9b0cc301"
  name = "github.com/matttproud/golang_protobuf_extensions"
  packages = [
    "pbutil",
    "testdata",
  ]
  pruneopts = "UT"
  revision = "c12348ce28de40eed0136aa2b644d0ee0650e56c"
  version = "v1.0.1"

[[projects]]
  branch = "master"
  digest = "1:9f07f801988b225662081432361c430cad8f5293b134e80bdf1998d14969d7a6"
  name = "github.com/mwitkow/go-conntrack"
  packages = ["."]
  pruneopts = "UT"
  revision = "cc309e4a22231782e8893f3c35ced0967807a33e"

[[projects]]
  digest = "1:40e195917a951a8bf867cd05de2a46aaf1806c50cf92eebf4c16f78cd196f747"
  name = "github.com/pkg/errors"
  packages = ["."]
  pruneopts = "UT"
  revision = "645ef00459ed84a119197bfb8d8205042c6df63d"
  version = "v0.8.0"

[[projects]]
  digest = "1:0028cb19b2e4c3112225cd871870f2d9cf49b9b4276531f03438a88e94be86fe"
  name = "github.com/pmezard/go-difflib"
  packages = ["difflib"]
  pruneopts = "UT"
  revision = "792786c7400a136282c1664665ae0a8db921c6c2"
  version = "v1.0.0"

[[projects]]
  digest = "1:bf0980a127c139477f5384cb38f7a6ea00268ce436b085e5fc46c861acfa1238"
  name = "github.com/prometheus/client_golang"
  packages = [
    "api",
    "prometheus",
    "prometheus/promhttp",
    "prometheus/push",
  ]
  pruneopts = "UT"
  revision = "967789050ba94deca04a5e84cce8ad472ce313c1"
  version = "v0.9.0-pre1"

[[projects]]
  branch = "master"
  digest = "1:2d5cd61daa5565187e1d96bae64dbbc6080dacf741448e9629c64fd93203b0d4"
  name = "github.com/prometheus/client_model"
  packages = ["go"]
  pruneopts = "UT"
  revision = "5c3871d89910bfb32f5fcab2aa4b9ec68e65a99f"

[[projects]]
  branch = "master"
  digest = "1:8111d2af8d914cb91e631fb44dbd96fe90670243fd708ebe615495ab484f5c6e"
  name = "github.com/prometheus/common"
  packages = [
    "expfmt",
    "internal/bitbucket.org/ww/goautoneg",
    "model",
    "promlog",
  ]
  pruneopts = "UT"
  revision = "c7de2306084e37d54b8be01f3541a8464345e9a5"

[[projects]]
  branch = "master"
  digest = "1:65188bf95595a0c1c646c25f0b99ef41cf6e07fd81801c56244fc8cf1742aaf5"
  name = "github.com/prometheus/procfs"
  packages = [
    ".",
    "bcache",
    "internal/util",
    "nfs",
    "xfs",
  ]
  pruneopts = "UT"
  revision = "05ee40e3a273f7245e8777337fc7b46e533a9a92"

[[projects]]
  digest = "1:d867dfa6751c8d7a435821ad3b736310c2ed68945d05b50fb9d23aee0540c8cc"
  name = "github.com/sirupsen/logrus"
  packages = ["."]
  pruneopts = "UT"
  revision = "3e01752db0189b9157070a0e1668a620f9a85da2"
  version = "v1.0.6"

[[projects]]
  branch = "master"
  digest = "1:0c088044c1c1ee83e723692442df4fec9b3f2e57f7a99773485c97adfbc31695"
  name = "github.com/streadway/amqp"
  packages = ["."]
  pruneopts = "UT"
  revision = "70e15c650864f4fc47f5d3c82ea117285480895d"

[[projects]]
  digest = "1:c40d65817cdd41fac9aa7af8bed56927bb2d6d47e4fea566a74880f5c2b1c41e"
  name = "github.com/stretchr/testify"
  packages = [
    "assert",
    "require",
  ]
  pruneopts = "UT"
  revision = "f35b8ab0b5a2cef36673838d662e249dd9c94686"
  version = "v1.2.2"

[[projects]]
  branch = "master"
  digest = "1:8ae51cfe863ba8d05b3bdc531ba98cf0b4c1da56116de7f630ecb4249c5a212e"
  name = "golang.org/x/crypto"
  packages = [
    "acme",
    "acme/autocert",
    "acme/autocert/internal/acmetest",
    "blake2b",
    "curve25519",
    "ed25519",
    "ed25519/internal/edwards25519",
    "internal/chacha20",
    "internal/subtle",
    "nacl/auth",
    "pkcs12/internal/rc2",
    "poly1305",
    "ssh",
    "ssh/terminal",
  ]
  pruneopts = "UT"
  revision = "f027049dab0ad238e394a753dba2d14753473a04"

[[projects]]
  branch = "master"
  digest = "1:a7b3aa11890fbe342ed4bf76a27986473d13103ae14796dcf2b55521c93e2547"
  name = "golang.org/x/net"
  packages = [
    "context",
    "internal/timeseries",
    "trace",
  ]
  pruneopts = "UT"
  revision = "f9ce57c11b242f0f1599cf25c89d8cb02c45295a"

[[projects]]
  branch = "master"
  digest = "1:39ebcc2b11457b703ae9ee2e8cca0f68df21969c6102cb3b705f76cca0ea0239"
  name = "golang.org/x/sync"
  packages = ["errgroup"]
  pruneopts = "UT"
  revision = "1d60e4601c6fd243af51cc01ddf169918a5407ca"

[[projects]]
  branch = "master"
  digest = "1:59a0c88fcea8aaa82f55ce17f6af8c859d571b3ec667667c599d1e72ae743cd3"
  name = "golang.org/x/sys"
  packages = [
    "cpu",
    "unix",
    "windows",
    "windows/registry",
    "windows/svc",
    "windows/svc/debug",
    "windows/svc/eventlog",
    "windows/svc/mgr",
  ]
  pruneopts = "UT"
  revision = "acbc56fc7007d2a01796d5bde54f39e3b3e95945"

[[projects]]
  branch = "master"
  digest = "1:902253cd34320f28fa4ed638e88d88d3c1b1a9cf3c4fb86444e8e5678c3f9f26"
  name = "google.golang.org/genproto"
  packages = ["protobuf/field_mask"]
  pruneopts = "UT"
  revision = "daca94659cb50e9f37c1b834680f2e46358f10b0"

[[projects]]
  digest = "1:57b24c92bde676b473219bb4c4ecca0c085005a5689db6705b11835fd72eb293"
  name = "gopkg.in/airbrake/gobrake.v2"
  packages = ["."]
  pruneopts = "UT"
  revision = "668876711219e8b0206e2994bf0a59d889c775aa"
  version = "v2.0.9"

[[projects]]
  digest = "1:c06d9e11d955af78ac3bbb26bd02e01d2f61f689e1a3bce2ef6fb683ef8a7f2d"
  name = "gopkg.in/alecthomas/kingpin.v2"
  packages = ["."]
  pruneopts = "UT"
  revision = "947dcec5ba9c011838740e680966fd7087a71d0d"
  version = "v2.2.6"

[[projects]]
  digest = "1:738c1d8e0ea6895b6e766e9a22f0678e8ad1ba78deb39994b1f0686c5016f514"
  name = "gopkg.in/gemnasium/logrus-airbrake-hook.v2"
  packages = ["."]
  pruneopts = "UT"
  revision = "e928b033a891c0175fb643d5aa0779e86325eb12"
  version = "v2.1.2"

[[projects]]
  digest = "1:342378ac4dcb378a5448dd723f0784ae519383532f5e70ade24132c4c8693202"
  name = "gopkg.in/yaml.v2"
  packages = ["."]
  pruneopts = "UT"
  revision = "5420a8b6744d3b0345ab293f6fcba19c978f1183"
  version = "v2.2.1"

[solve-meta]
  analyzer-name = "dep"
  analyzer-version = 1
  input-imports = [
    "github.com/beorn7/perks/quantile",
    "github.com/go-kit/kit/log",
    "github.com/go-kit/kit/log/level",
    "github.com/golang/protobuf/conformance/internal/conformance_proto",
    "github.com/golang/protobuf/descriptor",
    "github.com/golang/protobuf/jsonpb",
    "github.com/golang/protobuf/jsonpb/jsonpb_test_proto",
    "github.com/golang/protobuf/proto",
    "github.com/golang/protobuf/proto/proto3_proto",
    "github.com/golang/protobuf/proto/test_proto",
    "github.com/golang/protobuf/protoc-gen-go/descriptor",
    "github.com/golang/protobuf/protoc-gen-go/generator",
    "github.com/golang/protobuf/protoc-gen-go/generator/internal/remap",
    "github.com/golang/protobuf/protoc-gen-go/grpc",
    "github.com/golang/protobuf/protoc-gen-go/plugin",
    "github.com/golang/protobuf/ptypes",
    "github.com/golang/protobuf/ptypes/any",
    "github.com/golang/protobuf/ptypes/duration",
    "github.com/golang/protobuf/ptypes/struct",
    "github.com/golang/protobuf/ptypes/timestamp",
    "github.com/golang/protobuf/ptypes/wrappers",
    "github.com/google/uuid",
    "github.com/julienschmidt/httprouter",
    "github.com/matttproud/golang_protobuf_extensions/pbutil",
    "github.com/matttproud/golang_protobuf_extensions/testdata",
    "github.com/mwitkow/go-conntrack",
    "github.com/pkg/errors",
    "github.com/prometheus/client_golang/api",
    "github.com/prometheus/client_golang/prometheus",
    "github.com/prometheus/client_golang/prometheus/promhttp",
    "github.com/prometheus/client_golang/prometheus/push",
    "github.com/prometheus/client_model/go",
    "github.com/prometheus/common/expfmt",
    "github.com/prometheus/common/internal/bitbucket.org/ww/goautoneg",
    "github.com/prometheus/common/model",
    "github.com/prometheus/common/promlog",
    "github.com/prometheus/procfs",
    "github.com/prometheus/procfs/bcache",
    "github.com/prometheus/procfs/internal/util",
    "github.com/prometheus/procfs/nfs",
    "github.com/prometheus/procfs/xfs",
    "github.com/sirupsen/logrus",
    "github.com/streadway/amqp",
    "github.com/stretchr/testify/assert",
    "github.com/stretchr/testify/require",
    "golang.org/x/crypto/acme",
    "golang.org/x/crypto/acme/autocert",
    "golang.org/x/crypto/acme/autocert/internal/acmetest",
    "golang.org/x/crypto/blake2b",
    "golang.org/x/crypto/ed25519",
    "golang.org/x/crypto/ed25519/internal/edwards25519",
    "golang.org/x/crypto/internal/subtle",
    "golang.org/x/crypto/nacl/auth",
    "golang.org/x/crypto/pkcs12/internal/rc2",
    "golang.org/x/crypto/ssh",
    "golang.org/x/crypto/ssh/terminal",
    "golang.org/x/net/context",
    "golang.org/x/sync/errgroup",
    "golang.org/x/sys/cpu",
    "golang.org/x/sys/unix",
    "golang.org/x/sys/windows",
    "golang.org/x/sys/windows/registry",
    "golang.org/x/sys/windows/svc",
    "golang.org/x/sys/windows/svc/debug",
    "golang.org/x/sys/windows/svc/eventlog",
    "golang.org/x/sys/windows/svc/mgr",
    "google.golang.org/genproto/protobuf/field_mask",
    "gopkg.in/alecthomas/kingpin.v2",
    "gopkg.in/gemnasium/logrus-airbrake-hook.v2",
    "gopkg.in/yaml.v2",
  ]
  solver-name = "gps-cdcl"
  solver-version = 1
